<?xml version="1.0" encoding="utf-8"?>
<Project ToolsVersion="4.0" xmlns="http://schemas.microsoft.com/developer/msbuild/2003">
  <ItemGroup>
    <Filter Include="Source Files">
      <UniqueIdentifier>{C9FE899C-30F2-4942-BFB3-3364045BD066}</UniqueIdentifier>
      <Extensions>cpp;c;cc;cxx</Extensions>
    </Filter>
    <Filter Include="Header Files">
      <UniqueIdentifier>{B5D259B3-41C9-46F8-987A-C6B9DB6C5E5E}</UniqueIdentifier>
      <Extensions>h;hpp;hxx</Extensions>
    </Filter>
    <Filter Include="Resource Files">
      <UniqueIdentifier>{998C67D6-5411-4185-9A5A-159C7A7C8115}</UniqueIdentifier>
      <Extensions>rc;ico;cur;bmp;dlg;rc2;rct;bin;rgs;gif;jpg;jpeg;jpe;resx;tiff;tif;png;wav</Extensions>
    </Filter>
  </ItemGroup>
  <ItemGroup>
    <ClCompile Include="MfcTestClientApp.cpp">
      <Filter>Source Files</Filter>
    </ClCompile>
    <ClCompile Include="MfcTestClientMainDialog.cpp">
      <Filter>Source Files</Filter>
    </ClCompile>
    <ClCompile Include="..\InfinityServer\src\TestClient\Application\TestClientService.cpp">
      <Filter>Source Files</Filter>
    </ClCompile>
    <ClCompile Include="..\InfinityServer\src\TestClient\Application\TestScenarioRunner.cpp">
      <Filter>Source Files</Filter>
    </ClCompile>
    <ClCompile Include="..\InfinityServer\src\TestClient\Transport\TestClientConnection.cpp">
      <Filter>Source Files</Filter>
    </ClCompile>
  </ItemGroup>
  <ItemGroup>
    <ClInclude Include="MfcTestClientApp.h">
      <Filter>Header Files</Filter>
    </ClInclude>
    <ClInclude Include="MfcTestClientMainDialog.h">
      <Filter>Header Files</Filter>
    </ClInclude>
    <ClInclude Include="resource.h">
      <Filter>Header Files</Filter>
    </ClInclude>
    <ClInclude Include="..\InfinityServer\src\TestClient\Application\TestClientModels.h">
      <Filter>Header Files</Filter>
    </ClInclude>
    <ClInclude Include="..\InfinityServer\src\TestClient\Application\TestClientService.h">
      <Filter>Header Files</Filter>
    </ClInclude>
    <ClInclude Include="..\InfinityServer\src\TestClient\Application\TestScenarioRunner.h">
      <Filter>Header Files</Filter>
    </ClInclude>
    <ClInclude Include="..\InfinityServer\src\TestClient\Transport\TestClientConnection.h">
      <Filter>Header Files</Filter>
    </ClInclude>
    <ClInclude Include="..\InfinityServer\src\Packet\Packet.h">
      <Filter>Header Files</Filter>
    </ClInclude>
  </ItemGroup>
  <ItemGroup>
    <ResourceCompile Include="MfcTestClientSkeleton.rc">
      <Filter>Resource Files</Filter>
    </ResourceCompile>
  </ItemGroup>
</Project>
